
Microsoft Visual Studio Solution File, Format Version 12.00
Project("{FAE04EC0-301F-11D3-BF4B-00C04F79EFBC}") = "OdinCore", "odinma\OdinCore\OdinCore.csproj", "{ADA76A80-FBF4-4B5B-9775-AC2E68F11D98}"
EndProject
Project("{FAE04EC0-301F-11D3-BF4B-00C04F79EFBC}") = "OdinWorkers", "odinma\OdinWorkers\OdinWorkers.csproj", "{94D47453-F98B-471A-B9D6-F26606548A7C}"
EndProject
Project("{2150E333-8FDC-42A3-9474-1A3956D46DE8}") = "OdinMAF", "OdinMAF", "{26A51029-E028-4EEF-A917-38042BF44132}"
EndProject
Project("{2150E333-8FDC-42A3-9474-1A3956D46DE8}") = "OdinPlugs", "OdinPlugs", "{AE741564-8468-4840-9CC0-41D863BC2A70}"
EndProject
Project("{FAE04EC0-301F-11D3-BF4B-00C04F79EFBC}") = "OdinPlugs", "OdinPlugs\OdinPlugs.csproj", "{1DB19B83-8D1A-483D-A692-FC76484BC250}"
EndProject
Global
	GlobalSection(SolutionConfigurationPlatforms) = preSolution
		Debug|Any CPU = Debug|Any CPU
		Release|Any CPU = Release|Any CPU
	EndGlobalSection
	GlobalSection(ProjectConfigurationPlatforms) = postSolution
		{ADA76A80-FBF4-4B5B-9775-AC2E68F11D98}.Debug|Any CPU.ActiveCfg = Debug|Any CPU
		{ADA76A80-FBF4-4B5B-9775-AC2E68F11D98}.Debug|Any CPU.Build.0 = Debug|Any CPU
		{ADA76A80-FBF4-4B5B-9775-AC2E68F11D98}.Release|Any CPU.ActiveCfg = Release|Any CPU
		{ADA76A80-FBF4-4B5B-9775-AC2E68F11D98}.Release|Any CPU.Build.0 = Release|Any CPU
		{94D47453-F98B-471A-B9D6-F26606548A7C}.Debug|Any CPU.ActiveCfg = Debug|Any CPU
		{94D47453-F98B-471A-B9D6-F26606548A7C}.Debug|Any CPU.Build.0 = Debug|Any CPU
		{94D47453-F98B-471A-B9D6-F26606548A7C}.Release|Any CPU.ActiveCfg = Release|Any CPU
		{94D47453-F98B-471A-B9D6-F26606548A7C}.Release|Any CPU.Build.0 = Release|Any CPU
		{1DB19B83-8D1A-483D-A692-FC76484BC250}.Debug|Any CPU.ActiveCfg = Debug|Any CPU
		{1DB19B83-8D1A-483D-A692-FC76484BC250}.Debug|Any CPU.Build.0 = Debug|Any CPU
		{1DB19B83-8D1A-483D-A692-FC76484BC250}.Release|Any CPU.ActiveCfg = Release|Any CPU
		{1DB19B83-8D1A-483D-A692-FC76484BC250}.Release|Any CPU.Build.0 = Release|Any CPU
	EndGlobalSection
	GlobalSection(NestedProjects) = preSolution
		{ADA76A80-FBF4-4B5B-9775-AC2E68F11D98} = {26A51029-E028-4EEF-A917-38042BF44132}
		{94D47453-F98B-471A-B9D6-F26606548A7C} = {26A51029-E028-4EEF-A917-38042BF44132}
		{1DB19B83-8D1A-483D-A692-FC76484BC250} = {AE741564-8468-4840-9CC0-41D863BC2A70}
	EndGlobalSection
EndGlobal
