
Microsoft Visual Studio Solution File, Format Version 12.00
Project("{2150E333-8FDC-42A3-9474-1A3956D46DE8}") = "OdinMAF", "OdinMAF", "{26A51029-E028-4EEF-A917-38042BF44132}"
EndProject
Project("{2150E333-8FDC-42A3-9474-1A3956D46DE8}") = "OdinPlugs", "OdinPlugs", "{AE741564-8468-4840-9CC0-41D863BC2A70}"
EndProject
Project("{FAE04EC0-301F-11D3-BF4B-00C04F79EFBC}") = "OdinCore", "OdinCore\OdinCore.csproj", "{ACC6BDD2-4161-472D-A97C-0482C2DCEDA0}"
EndProject
Project("{FAE04EC0-301F-11D3-BF4B-00C04F79EFBC}") = "OdinWorkers", "OdinWorkers\OdinWorkers.csproj", "{663AA419-2BA1-4F7A-B7E5-8A7C6894201E}"
EndProject
Project("{FAE04EC0-301F-11D3-BF4B-00C04F79EFBC}") = "OdinPlugs", "..\odinplugs\OdinPlugs.csproj", "{78BD2ACA-43B8-467F-AAB9-9FFC255C15B2}"
EndProject
Global
	GlobalSection(SolutionConfigurationPlatforms) = preSolution
		Debug|Any CPU = Debug|Any CPU
		Release|Any CPU = Release|Any CPU
	EndGlobalSection
	GlobalSection(ProjectConfigurationPlatforms) = postSolution
		{ACC6BDD2-4161-472D-A97C-0482C2DCEDA0}.Debug|Any CPU.ActiveCfg = Debug|Any CPU
		{ACC6BDD2-4161-472D-A97C-0482C2DCEDA0}.Debug|Any CPU.Build.0 = Debug|Any CPU
		{ACC6BDD2-4161-472D-A97C-0482C2DCEDA0}.Release|Any CPU.ActiveCfg = Release|Any CPU
		{ACC6BDD2-4161-472D-A97C-0482C2DCEDA0}.Release|Any CPU.Build.0 = Release|Any CPU
		{663AA419-2BA1-4F7A-B7E5-8A7C6894201E}.Debug|Any CPU.ActiveCfg = Debug|Any CPU
		{663AA419-2BA1-4F7A-B7E5-8A7C6894201E}.Debug|Any CPU.Build.0 = Debug|Any CPU
		{663AA419-2BA1-4F7A-B7E5-8A7C6894201E}.Release|Any CPU.ActiveCfg = Release|Any CPU
		{663AA419-2BA1-4F7A-B7E5-8A7C6894201E}.Release|Any CPU.Build.0 = Release|Any CPU
		{78BD2ACA-43B8-467F-AAB9-9FFC255C15B2}.Debug|Any CPU.ActiveCfg = Debug|Any CPU
		{78BD2ACA-43B8-467F-AAB9-9FFC255C15B2}.Debug|Any CPU.Build.0 = Debug|Any CPU
		{78BD2ACA-43B8-467F-AAB9-9FFC255C15B2}.Release|Any CPU.ActiveCfg = Release|Any CPU
		{78BD2ACA-43B8-467F-AAB9-9FFC255C15B2}.Release|Any CPU.Build.0 = Release|Any CPU
	EndGlobalSection
	GlobalSection(NestedProjects) = preSolution
		{ACC6BDD2-4161-472D-A97C-0482C2DCEDA0} = {26A51029-E028-4EEF-A917-38042BF44132}
		{663AA419-2BA1-4F7A-B7E5-8A7C6894201E} = {26A51029-E028-4EEF-A917-38042BF44132}
		{78BD2ACA-43B8-467F-AAB9-9FFC255C15B2} = {AE741564-8468-4840-9CC0-41D863BC2A70}
	EndGlobalSection
EndGlobal
