
Microsoft Visual Studio Solution File, Format Version 12.00
# Visual Studio Version 16
VisualStudioVersion = 16.0.30114.105
MinimumVisualStudioVersion = 10.0.40219.1
Project("{FAE04EC0-301F-11D3-BF4B-00C04F79EFBC}") = "OdinCore", "OdinCore\OdinCore.csproj", "{EBE42DE4-AFD3-4FFB-BE78-9CE450804F1A}"
EndProject
Project("{FAE04EC0-301F-11D3-BF4B-00C04F79EFBC}") = "OdinWorkers", "OdinWorkers\OdinWorkers.csproj", "{9FF0DD63-69FA-4B67-8198-A8585958797D}"
EndProject
Project("{FAE04EC0-301F-11D3-BF4B-00C04F79EFBC}") = "OdinIds", "..\OdinIds\OdinIds.csproj", "{A545690A-FDF4-40D6-B650-0112F59755E7}"
EndProject
Project("{FAE04EC0-301F-11D3-BF4B-00C04F79EFBC}") = "OdinPlugs", "..\OdinPlugs\OdinPlugs.csproj", "{5A8BCB95-7BF9-4823-8A9D-A717CE9A15B0}"
EndProject
Project("{FAE04EC0-301F-11D3-BF4B-00C04F79EFBC}") = "OdinPlugs.ApiLinkMonitor", "..\OdinPlugs.ApiLinkMonitor\OdinPlugs.ApiLinkMonitor.csproj", "{E8729D68-FBCA-47DA-8441-A889B61B3442}"
EndProject
Project("{FAE04EC0-301F-11D3-BF4B-00C04F79EFBC}") = "OdinPlugs.ApiLinkMonitor.Dashboard", "..\OdinPlugs.ApiLinkMonitor.Dashboard\OdinPlugs.ApiLinkMonitor.Dashboard.csproj", "{82A61918-0E8B-4388-AE8A-F1CDD3C6F0B4}"
EndProject
Project("{FAE04EC0-301F-11D3-BF4B-00C04F79EFBC}") = "OdinPlugs.OdinHostedService", "..\OdinPlugs.OdinHostedService\OdinPlugs.OdinHostedService.csproj", "{452702AE-09D6-4118-96FD-792CDECC8514}"
EndProject
Project("{FAE04EC0-301F-11D3-BF4B-00C04F79EFBC}") = "OdinPlugs.OdinUtils", "..\OdinPlugs.OdinUtils\OdinPlugs.OdinUtils.csproj", "{2DC7D9CF-4996-4C1E-B0E9-ED600BBDD592}"
EndProject
Project("{FAE04EC0-301F-11D3-BF4B-00C04F79EFBC}") = "OdinPlugs.SnowFlake", "..\OdinPlugs.SnowFlake\OdinPlugs.SnowFlake.csproj", "{69BC166B-26EA-47F0-BB93-A5390BBAC9F6}"
EndProject
Project("{2150E333-8FDC-42A3-9474-1A3956D46DE8}") = "2. OdinMA.OMAServices", "2. OdinMA.OMAServices", "{4D54DF54-7046-4A59-9104-F3AED7A35491}"
EndProject
Project("{2150E333-8FDC-42A3-9474-1A3956D46DE8}") = "1. OdinMA.OMAWeb", "1. OdinMA.OMAWeb", "{CF3DF461-78E0-470F-ADB1-C35234AEB950}"
EndProject
Project("{2150E333-8FDC-42A3-9474-1A3956D46DE8}") = "3. OdinMA.OMALib", "3. OdinMA.OMALib", "{3EC3F613-4E7D-4CB7-A071-18B63FFE84AF}"
EndProject
Project("{FAE04EC0-301F-11D3-BF4B-00C04F79EFBC}") = "OdinPlugs.OdinInject", "..\OdinPlugs.OdinInject\OdinPlugs.OdinInject.csproj", "{FF012845-F245-4A2C-892A-3A1A35DB03B1}"
EndProject
Global
	GlobalSection(SolutionConfigurationPlatforms) = preSolution
		Debug|Any CPU = Debug|Any CPU
		Debug|x64 = Debug|x64
		Debug|x86 = Debug|x86
		Release|Any CPU = Release|Any CPU
		Release|x64 = Release|x64
		Release|x86 = Release|x86
	EndGlobalSection
	GlobalSection(SolutionProperties) = preSolution
		HideSolutionNode = FALSE
	EndGlobalSection
	GlobalSection(ProjectConfigurationPlatforms) = postSolution
		{EBE42DE4-AFD3-4FFB-BE78-9CE450804F1A}.Debug|Any CPU.ActiveCfg = Debug|Any CPU
		{EBE42DE4-AFD3-4FFB-BE78-9CE450804F1A}.Debug|Any CPU.Build.0 = Debug|Any CPU
		{EBE42DE4-AFD3-4FFB-BE78-9CE450804F1A}.Debug|x64.ActiveCfg = Debug|Any CPU
		{EBE42DE4-AFD3-4FFB-BE78-9CE450804F1A}.Debug|x64.Build.0 = Debug|Any CPU
		{EBE42DE4-AFD3-4FFB-BE78-9CE450804F1A}.Debug|x86.ActiveCfg = Debug|Any CPU
		{EBE42DE4-AFD3-4FFB-BE78-9CE450804F1A}.Debug|x86.Build.0 = Debug|Any CPU
		{EBE42DE4-AFD3-4FFB-BE78-9CE450804F1A}.Release|Any CPU.ActiveCfg = Release|Any CPU
		{EBE42DE4-AFD3-4FFB-BE78-9CE450804F1A}.Release|Any CPU.Build.0 = Release|Any CPU
		{EBE42DE4-AFD3-4FFB-BE78-9CE450804F1A}.Release|x64.ActiveCfg = Release|Any CPU
		{EBE42DE4-AFD3-4FFB-BE78-9CE450804F1A}.Release|x64.Build.0 = Release|Any CPU
		{EBE42DE4-AFD3-4FFB-BE78-9CE450804F1A}.Release|x86.ActiveCfg = Release|Any CPU
		{EBE42DE4-AFD3-4FFB-BE78-9CE450804F1A}.Release|x86.Build.0 = Release|Any CPU
		{9FF0DD63-69FA-4B67-8198-A8585958797D}.Debug|Any CPU.ActiveCfg = Debug|Any CPU
		{9FF0DD63-69FA-4B67-8198-A8585958797D}.Debug|Any CPU.Build.0 = Debug|Any CPU
		{9FF0DD63-69FA-4B67-8198-A8585958797D}.Debug|x64.ActiveCfg = Debug|Any CPU
		{9FF0DD63-69FA-4B67-8198-A8585958797D}.Debug|x64.Build.0 = Debug|Any CPU
		{9FF0DD63-69FA-4B67-8198-A8585958797D}.Debug|x86.ActiveCfg = Debug|Any CPU
		{9FF0DD63-69FA-4B67-8198-A8585958797D}.Debug|x86.Build.0 = Debug|Any CPU
		{9FF0DD63-69FA-4B67-8198-A8585958797D}.Release|Any CPU.ActiveCfg = Release|Any CPU
		{9FF0DD63-69FA-4B67-8198-A8585958797D}.Release|Any CPU.Build.0 = Release|Any CPU
		{9FF0DD63-69FA-4B67-8198-A8585958797D}.Release|x64.ActiveCfg = Release|Any CPU
		{9FF0DD63-69FA-4B67-8198-A8585958797D}.Release|x64.Build.0 = Release|Any CPU
		{9FF0DD63-69FA-4B67-8198-A8585958797D}.Release|x86.ActiveCfg = Release|Any CPU
		{9FF0DD63-69FA-4B67-8198-A8585958797D}.Release|x86.Build.0 = Release|Any CPU
		{A545690A-FDF4-40D6-B650-0112F59755E7}.Debug|Any CPU.ActiveCfg = Debug|Any CPU
		{A545690A-FDF4-40D6-B650-0112F59755E7}.Debug|Any CPU.Build.0 = Debug|Any CPU
		{A545690A-FDF4-40D6-B650-0112F59755E7}.Debug|x64.ActiveCfg = Debug|Any CPU
		{A545690A-FDF4-40D6-B650-0112F59755E7}.Debug|x64.Build.0 = Debug|Any CPU
		{A545690A-FDF4-40D6-B650-0112F59755E7}.Debug|x86.ActiveCfg = Debug|Any CPU
		{A545690A-FDF4-40D6-B650-0112F59755E7}.Debug|x86.Build.0 = Debug|Any CPU
		{A545690A-FDF4-40D6-B650-0112F59755E7}.Release|Any CPU.ActiveCfg = Release|Any CPU
		{A545690A-FDF4-40D6-B650-0112F59755E7}.Release|Any CPU.Build.0 = Release|Any CPU
		{A545690A-FDF4-40D6-B650-0112F59755E7}.Release|x64.ActiveCfg = Release|Any CPU
		{A545690A-FDF4-40D6-B650-0112F59755E7}.Release|x64.Build.0 = Release|Any CPU
		{A545690A-FDF4-40D6-B650-0112F59755E7}.Release|x86.ActiveCfg = Release|Any CPU
		{A545690A-FDF4-40D6-B650-0112F59755E7}.Release|x86.Build.0 = Release|Any CPU
		{5A8BCB95-7BF9-4823-8A9D-A717CE9A15B0}.Debug|Any CPU.ActiveCfg = Debug|Any CPU
		{5A8BCB95-7BF9-4823-8A9D-A717CE9A15B0}.Debug|Any CPU.Build.0 = Debug|Any CPU
		{5A8BCB95-7BF9-4823-8A9D-A717CE9A15B0}.Debug|x64.ActiveCfg = Debug|Any CPU
		{5A8BCB95-7BF9-4823-8A9D-A717CE9A15B0}.Debug|x64.Build.0 = Debug|Any CPU
		{5A8BCB95-7BF9-4823-8A9D-A717CE9A15B0}.Debug|x86.ActiveCfg = Debug|Any CPU
		{5A8BCB95-7BF9-4823-8A9D-A717CE9A15B0}.Debug|x86.Build.0 = Debug|Any CPU
		{5A8BCB95-7BF9-4823-8A9D-A717CE9A15B0}.Release|Any CPU.ActiveCfg = Release|Any CPU
		{5A8BCB95-7BF9-4823-8A9D-A717CE9A15B0}.Release|Any CPU.Build.0 = Release|Any CPU
		{5A8BCB95-7BF9-4823-8A9D-A717CE9A15B0}.Release|x64.ActiveCfg = Release|Any CPU
		{5A8BCB95-7BF9-4823-8A9D-A717CE9A15B0}.Release|x64.Build.0 = Release|Any CPU
		{5A8BCB95-7BF9-4823-8A9D-A717CE9A15B0}.Release|x86.ActiveCfg = Release|Any CPU
		{5A8BCB95-7BF9-4823-8A9D-A717CE9A15B0}.Release|x86.Build.0 = Release|Any CPU
		{E8729D68-FBCA-47DA-8441-A889B61B3442}.Debug|Any CPU.ActiveCfg = Debug|Any CPU
		{E8729D68-FBCA-47DA-8441-A889B61B3442}.Debug|Any CPU.Build.0 = Debug|Any CPU
		{E8729D68-FBCA-47DA-8441-A889B61B3442}.Debug|x64.ActiveCfg = Debug|Any CPU
		{E8729D68-FBCA-47DA-8441-A889B61B3442}.Debug|x64.Build.0 = Debug|Any CPU
		{E8729D68-FBCA-47DA-8441-A889B61B3442}.Debug|x86.ActiveCfg = Debug|Any CPU
		{E8729D68-FBCA-47DA-8441-A889B61B3442}.Debug|x86.Build.0 = Debug|Any CPU
		{E8729D68-FBCA-47DA-8441-A889B61B3442}.Release|Any CPU.ActiveCfg = Release|Any CPU
		{E8729D68-FBCA-47DA-8441-A889B61B3442}.Release|Any CPU.Build.0 = Release|Any CPU
		{E8729D68-FBCA-47DA-8441-A889B61B3442}.Release|x64.ActiveCfg = Release|Any CPU
		{E8729D68-FBCA-47DA-8441-A889B61B3442}.Release|x64.Build.0 = Release|Any CPU
		{E8729D68-FBCA-47DA-8441-A889B61B3442}.Release|x86.ActiveCfg = Release|Any CPU
		{E8729D68-FBCA-47DA-8441-A889B61B3442}.Release|x86.Build.0 = Release|Any CPU
		{82A61918-0E8B-4388-AE8A-F1CDD3C6F0B4}.Debug|Any CPU.ActiveCfg = Debug|Any CPU
		{82A61918-0E8B-4388-AE8A-F1CDD3C6F0B4}.Debug|Any CPU.Build.0 = Debug|Any CPU
		{82A61918-0E8B-4388-AE8A-F1CDD3C6F0B4}.Debug|x64.ActiveCfg = Debug|Any CPU
		{82A61918-0E8B-4388-AE8A-F1CDD3C6F0B4}.Debug|x64.Build.0 = Debug|Any CPU
		{82A61918-0E8B-4388-AE8A-F1CDD3C6F0B4}.Debug|x86.ActiveCfg = Debug|Any CPU
		{82A61918-0E8B-4388-AE8A-F1CDD3C6F0B4}.Debug|x86.Build.0 = Debug|Any CPU
		{82A61918-0E8B-4388-AE8A-F1CDD3C6F0B4}.Release|Any CPU.ActiveCfg = Release|Any CPU
		{82A61918-0E8B-4388-AE8A-F1CDD3C6F0B4}.Release|Any CPU.Build.0 = Release|Any CPU
		{82A61918-0E8B-4388-AE8A-F1CDD3C6F0B4}.Release|x64.ActiveCfg = Release|Any CPU
		{82A61918-0E8B-4388-AE8A-F1CDD3C6F0B4}.Release|x64.Build.0 = Release|Any CPU
		{82A61918-0E8B-4388-AE8A-F1CDD3C6F0B4}.Release|x86.ActiveCfg = Release|Any CPU
		{82A61918-0E8B-4388-AE8A-F1CDD3C6F0B4}.Release|x86.Build.0 = Release|Any CPU
		{452702AE-09D6-4118-96FD-792CDECC8514}.Debug|Any CPU.ActiveCfg = Debug|Any CPU
		{452702AE-09D6-4118-96FD-792CDECC8514}.Debug|Any CPU.Build.0 = Debug|Any CPU
		{452702AE-09D6-4118-96FD-792CDECC8514}.Debug|x64.ActiveCfg = Debug|Any CPU
		{452702AE-09D6-4118-96FD-792CDECC8514}.Debug|x64.Build.0 = Debug|Any CPU
		{452702AE-09D6-4118-96FD-792CDECC8514}.Debug|x86.ActiveCfg = Debug|Any CPU
		{452702AE-09D6-4118-96FD-792CDECC8514}.Debug|x86.Build.0 = Debug|Any CPU
		{452702AE-09D6-4118-96FD-792CDECC8514}.Release|Any CPU.ActiveCfg = Release|Any CPU
		{452702AE-09D6-4118-96FD-792CDECC8514}.Release|Any CPU.Build.0 = Release|Any CPU
		{452702AE-09D6-4118-96FD-792CDECC8514}.Release|x64.ActiveCfg = Release|Any CPU
		{452702AE-09D6-4118-96FD-792CDECC8514}.Release|x64.Build.0 = Release|Any CPU
		{452702AE-09D6-4118-96FD-792CDECC8514}.Release|x86.ActiveCfg = Release|Any CPU
		{452702AE-09D6-4118-96FD-792CDECC8514}.Release|x86.Build.0 = Release|Any CPU
		{2DC7D9CF-4996-4C1E-B0E9-ED600BBDD592}.Debug|Any CPU.ActiveCfg = Debug|Any CPU
		{2DC7D9CF-4996-4C1E-B0E9-ED600BBDD592}.Debug|Any CPU.Build.0 = Debug|Any CPU
		{2DC7D9CF-4996-4C1E-B0E9-ED600BBDD592}.Debug|x64.ActiveCfg = Debug|Any CPU
		{2DC7D9CF-4996-4C1E-B0E9-ED600BBDD592}.Debug|x64.Build.0 = Debug|Any CPU
		{2DC7D9CF-4996-4C1E-B0E9-ED600BBDD592}.Debug|x86.ActiveCfg = Debug|Any CPU
		{2DC7D9CF-4996-4C1E-B0E9-ED600BBDD592}.Debug|x86.Build.0 = Debug|Any CPU
		{2DC7D9CF-4996-4C1E-B0E9-ED600BBDD592}.Release|Any CPU.ActiveCfg = Release|Any CPU
		{2DC7D9CF-4996-4C1E-B0E9-ED600BBDD592}.Release|Any CPU.Build.0 = Release|Any CPU
		{2DC7D9CF-4996-4C1E-B0E9-ED600BBDD592}.Release|x64.ActiveCfg = Release|Any CPU
		{2DC7D9CF-4996-4C1E-B0E9-ED600BBDD592}.Release|x64.Build.0 = Release|Any CPU
		{2DC7D9CF-4996-4C1E-B0E9-ED600BBDD592}.Release|x86.ActiveCfg = Release|Any CPU
		{2DC7D9CF-4996-4C1E-B0E9-ED600BBDD592}.Release|x86.Build.0 = Release|Any CPU
		{69BC166B-26EA-47F0-BB93-A5390BBAC9F6}.Debug|Any CPU.ActiveCfg = Debug|Any CPU
		{69BC166B-26EA-47F0-BB93-A5390BBAC9F6}.Debug|Any CPU.Build.0 = Debug|Any CPU
		{69BC166B-26EA-47F0-BB93-A5390BBAC9F6}.Debug|x64.ActiveCfg = Debug|Any CPU
		{69BC166B-26EA-47F0-BB93-A5390BBAC9F6}.Debug|x64.Build.0 = Debug|Any CPU
		{69BC166B-26EA-47F0-BB93-A5390BBAC9F6}.Debug|x86.ActiveCfg = Debug|Any CPU
		{69BC166B-26EA-47F0-BB93-A5390BBAC9F6}.Debug|x86.Build.0 = Debug|Any CPU
		{69BC166B-26EA-47F0-BB93-A5390BBAC9F6}.Release|Any CPU.ActiveCfg = Release|Any CPU
		{69BC166B-26EA-47F0-BB93-A5390BBAC9F6}.Release|Any CPU.Build.0 = Release|Any CPU
		{69BC166B-26EA-47F0-BB93-A5390BBAC9F6}.Release|x64.ActiveCfg = Release|Any CPU
		{69BC166B-26EA-47F0-BB93-A5390BBAC9F6}.Release|x64.Build.0 = Release|Any CPU
		{69BC166B-26EA-47F0-BB93-A5390BBAC9F6}.Release|x86.ActiveCfg = Release|Any CPU
		{69BC166B-26EA-47F0-BB93-A5390BBAC9F6}.Release|x86.Build.0 = Release|Any CPU
		{FF012845-F245-4A2C-892A-3A1A35DB03B1}.Debug|Any CPU.ActiveCfg = Debug|Any CPU
		{FF012845-F245-4A2C-892A-3A1A35DB03B1}.Debug|Any CPU.Build.0 = Debug|Any CPU
		{FF012845-F245-4A2C-892A-3A1A35DB03B1}.Debug|x64.ActiveCfg = Debug|Any CPU
		{FF012845-F245-4A2C-892A-3A1A35DB03B1}.Debug|x64.Build.0 = Debug|Any CPU
		{FF012845-F245-4A2C-892A-3A1A35DB03B1}.Debug|x86.ActiveCfg = Debug|Any CPU
		{FF012845-F245-4A2C-892A-3A1A35DB03B1}.Debug|x86.Build.0 = Debug|Any CPU
		{FF012845-F245-4A2C-892A-3A1A35DB03B1}.Release|Any CPU.ActiveCfg = Release|Any CPU
		{FF012845-F245-4A2C-892A-3A1A35DB03B1}.Release|Any CPU.Build.0 = Release|Any CPU
		{FF012845-F245-4A2C-892A-3A1A35DB03B1}.Release|x64.ActiveCfg = Release|Any CPU
		{FF012845-F245-4A2C-892A-3A1A35DB03B1}.Release|x64.Build.0 = Release|Any CPU
		{FF012845-F245-4A2C-892A-3A1A35DB03B1}.Release|x86.ActiveCfg = Release|Any CPU
		{FF012845-F245-4A2C-892A-3A1A35DB03B1}.Release|x86.Build.0 = Release|Any CPU
	EndGlobalSection
	GlobalSection(NestedProjects) = preSolution
		{EBE42DE4-AFD3-4FFB-BE78-9CE450804F1A} = {4D54DF54-7046-4A59-9104-F3AED7A35491}
		{A545690A-FDF4-40D6-B650-0112F59755E7} = {4D54DF54-7046-4A59-9104-F3AED7A35491}
		{82A61918-0E8B-4388-AE8A-F1CDD3C6F0B4} = {CF3DF461-78E0-470F-ADB1-C35234AEB950}
		{5A8BCB95-7BF9-4823-8A9D-A717CE9A15B0} = {3EC3F613-4E7D-4CB7-A071-18B63FFE84AF}
		{E8729D68-FBCA-47DA-8441-A889B61B3442} = {3EC3F613-4E7D-4CB7-A071-18B63FFE84AF}
		{452702AE-09D6-4118-96FD-792CDECC8514} = {3EC3F613-4E7D-4CB7-A071-18B63FFE84AF}
		{2DC7D9CF-4996-4C1E-B0E9-ED600BBDD592} = {3EC3F613-4E7D-4CB7-A071-18B63FFE84AF}
		{69BC166B-26EA-47F0-BB93-A5390BBAC9F6} = {3EC3F613-4E7D-4CB7-A071-18B63FFE84AF}
		{9FF0DD63-69FA-4B67-8198-A8585958797D} = {4D54DF54-7046-4A59-9104-F3AED7A35491}
		{FF012845-F245-4A2C-892A-3A1A35DB03B1} = {3EC3F613-4E7D-4CB7-A071-18B63FFE84AF}
	EndGlobalSection
EndGlobal
